// !$*UTF8*$!
{
	archiveVersion = 1;
	classes = {
	};
	objectVersion = 50;
	objects = {

/* Begin PBXBuildFile section */
		568267F4255BD1700065266C /* explosion.sks in Resources */ = {isa = PBXBuildFile; fileRef = 568267F3255BD1700065266C /* explosion.sks */; };
		56985A2A255B767F00F79F32 /* KeyValues.swift in Sources */ = {isa = PBXBuildFile; fileRef = 56985A29255B767F00F79F32 /* KeyValues.swift */; };
		56AEA088255B4E77009C997E /* AppDelegate.swift in Sources */ = {isa = PBXBuildFile; fileRef = 56AEA087255B4E77009C997E /* AppDelegate.swift */; };
		56AEA08E255B4E77009C997E /* GameScene.swift in Sources */ = {isa = PBXBuildFile; fileRef = 56AEA08D255B4E77009C997E /* GameScene.swift */; };
		56AEA090255B4E77009C997E /* ViewController.swift in Sources */ = {isa = PBXBuildFile; fileRef = 56AEA08F255B4E77009C997E /* ViewController.swift */; };
		56AEA092255B4E7A009C997E /* Assets.xcassets in Resources */ = {isa = PBXBuildFile; fileRef = 56AEA091255B4E7A009C997E /* Assets.xcassets */; };
		56AEA095255B4E7A009C997E /* Main.storyboard in Resources */ = {isa = PBXBuildFile; fileRef = 56AEA093255B4E7A009C997E /* Main.storyboard */; };
/* End PBXBuildFile section */

/* Begin PBXFileReference section */
		568267F3255BD1700065266C /* explosion.sks */ = {isa = PBXFileReference; lastKnownFileType = file.sks; path = explosion.sks; sourceTree = "<group>"; };
		56985A29255B767F00F79F32 /* KeyValues.swift */ = {isa = PBXFileReference; lastKnownFileType = sourcecode.swift; path = KeyValues.swift; sourceTree = "<group>"; };
		56AEA084255B4E77009C997E /* SpaceFighter.app */ = {isa = PBXFileReference; explicitFileType = wrapper.application; includeInIndex = 0; path = SpaceFighter.app; sourceTree = BUILT_PRODUCTS_DIR; };
		56AEA087255B4E77009C997E /* AppDelegate.swift */ = {isa = PBXFileReference; lastKnownFileType = sourcecode.swift; path = AppDelegate.swift; sourceTree = "<group>"; };
		56AEA08D255B4E77009C997E /* GameScene.swift */ = {isa = PBXFileReference; lastKnownFileType = sourcecode.swift; path = GameScene.swift; sourceTree = "<group>"; };
		56AEA08F255B4E77009C997E /* ViewController.swift */ = {isa = PBXFileReference; lastKnownFileType = sourcecode.swift; path = ViewController.swift; sourceTree = "<group>"; };
		56AEA091255B4E7A009C997E /* Assets.xcassets */ = {isa = PBXFileReference; lastKnownFileType = folder.assetcatalog; path = Assets.xcassets; sourceTree = "<group>"; };
		56AEA094255B4E7A009C997E /* Base */ = {isa = PBXFileReference; lastKnownFileType = file.storyboard; name = Base; path = Base.lproj/Main.storyboard; sourceTree = "<group>"; };
		56AEA096255B4E7A009C997E /* Info.plist */ = {isa = PBXFileReference; lastKnownFileType = text.plist.xml; path = Info.plist; sourceTree = "<group>"; };
		56AEA097255B4E7A009C997E /* SpaceFighter.entitlements */ = {isa = PBXFileReference; lastKnownFileType = text.plist.entitlements; path = SpaceFighter.entitlements; sourceTree = "<group>"; };
/* End PBXFileReference section */

/* Begin PBXFrameworksBuildPhase section */
		56AEA081255B4E77009C997E /* Frameworks */ = {
			isa = PBXFrameworksBuildPhase;
			buildActionMask = 2147483647;
			files = (
			);
			runOnlyForDeploymentPostprocessing = 0;
		};
/* End PBXFrameworksBuildPhase section */

/* Begin PBXGroup section */
		56AEA07B255B4E77009C997E = {
			isa = PBXGroup;
			children = (
				56AEA086255B4E77009C997E /* SpaceFighter */,
				56AEA085255B4E77009C997E /* Products */,
			);
			sourceTree = "<group>";
		};
		56AEA085255B4E77009C997E /* Products */ = {
			isa = PBXGroup;
			children = (
				56AEA084255B4E77009C997E /* SpaceFighter.app */,
			);
			name = Products;
			sourceTree = "<group>";
		};
		56AEA086255B4E77009C997E /* SpaceFighter */ = {
			isa = PBXGroup;
			children = (
				56AEA087255B4E77009C997E /* AppDelegate.swift */,
				56AEA08D255B4E77009C997E /* GameScene.swift */,
				56985A29255B767F00F79F32 /* KeyValues.swift */,
				56AEA08F255B4E77009C997E /* ViewController.swift */,
				568267F3255BD1700065266C /* explosion.sks */,
				56AEA091255B4E7A009C997E /* Assets.xcassets */,
				56AEA093255B4E7A009C997E /* Main.storyboard */,
				56AEA096255B4E7A009C997E /* Info.plist */,
				56AEA097255B4E7A009C997E /* SpaceFighter.entitlements */,
			);
			path = SpaceFighter;
			sourceTree = "<group>";
		};
/* End PBXGroup section */

/* Begin PBXNativeTarget section */
		56AEA083255B4E77009C997E /* SpaceFighter */ = {
			isa = PBXNativeTarget;
			buildConfigurationList = 56AEA09A255B4E7A009C997E /* Build configuration list for PBXNativeTarget "SpaceFighter" */;
			buildPhases = (
				56AEA080255B4E77009C997E /* Sources */,
				56AEA081255B4E77009C997E /* Frameworks */,
				56AEA082255B4E77009C997E /* Resources */,
			);
			buildRules = (
			);
			dependencies = (
			);
			name = SpaceFighter;
			productName = SpaceFighter;
			productReference = 56AEA084255B4E77009C997E /* SpaceFighter.app */;
			productType = "com.apple.product-type.application";
		};
/* End PBXNativeTarget section */

/* Begin PBXProject section */
		56AEA07C255B4E77009C997E /* Project object */ = {
			isa = PBXProject;
			attributes = {
				LastSwiftUpdateCheck = 1220;
				LastUpgradeCheck = 1220;
				TargetAttributes = {
					56AEA083255B4E77009C997E = {
						CreatedOnToolsVersion = 12.2;
					};
				};
			};
			buildConfigurationList = 56AEA07F255B4E77009C997E /* Build configuration list for PBXProject "SpaceFighter" */;
			compatibilityVersion = "Xcode 9.3";
			developmentRegion = en;
			hasScannedForEncodings = 0;
			knownRegions = (
				en,
				Base,
			);
			mainGroup = 56AEA07B255B4E77009C997E;
			productRefGroup = 56AEA085255B4E77009C997E /* Products */;
			projectDirPath = "";
			projectRoot = "";
			targets = (
				56AEA083255B4E77009C997E /* SpaceFighter */,
			);
		};
/* End PBXProject section */

/* Begin PBXResourcesBuildPhase section */
		56AEA082255B4E77009C997E /* Resources */ = {
			isa = PBXResourcesBuildPhase;
			buildActionMask = 2147483647;
			files = (
				568267F4255BD1700065266C /* explosion.sks in Resources */,
				56AEA092255B4E7A009C997E /* Assets.xcassets in Resources */,
				56AEA095255B4E7A009C997E /* Main.storyboard in Resources */,
			);
			runOnlyForDeploymentPostprocessing = 0;
		};
/* End PBXResourcesBuildPhase section */

/* Begin PBXSourcesBuildPhase section */
		56AEA080255B4E77009C997E /* Sources */ = {
			isa = PBXSourcesBuildPhase;
			buildActionMask = 2147483647;
			files = (
				56AEA090255B4E77009C997E /* ViewController.swift in Sources */,
				56985A2A255B767F00F79F32 /* KeyValues.swift in Sources */,
				56AEA08E255B4E77009C997E /* GameScene.swift in Sources */,
				56AEA088255B4E77009C997E /* AppDelegate.swift in Sources */,
			);
			runOnlyForDeploymentPostprocessing = 0;
		};
/* End PBXSourcesBuildPhase section */

/* Begin PBXVariantGroup section */
		56AEA093255B4E7A009C997E /* Main.storyboard */ = {
			isa = PBXVariantGroup;
			children = (
				56AEA094255B4E7A009C997E /* Base */,
			);
			name = Main.storyboard;
			sourceTree = "<group>";
		};
/* End PBXVariantGroup section */

/* Begin XCBuildConfiguration section */
		56AEA098255B4E7A009C997E /* Debug */ = {
			isa = XCBuildConfiguration;
			buildSettings = {
				ALWAYS_SEARCH_USER_PATHS = NO;
				CLANG_ANALYZER_NONNULL = YES;
				CLANG_ANALYZER_NUMBER_OBJECT_CONVERSION = YES_AGGRESSIVE;
				CLANG_CXX_LANGUAGE_STANDARD = "gnu++14";
				CLANG_CXX_LIBRARY = "libc++";
				CLANG_ENABLE_MODULES = YES;
				CLANG_ENABLE_OBJC_ARC = YES;
				CLANG_ENABLE_OBJC_WEAK = YES;
				CLANG_WARN_BLOCK_CAPTURE_AUTORELEASING = YES;
				CLANG_WARN_BOOL_CONVERSION = YES;
				CLANG_WARN_COMMA = YES;
				CLANG_WARN_CONSTANT_CONVERSION = YES;
				CLANG_WARN_DEPRECATED_OBJC_IMPLEMENTATIONS = YES;
				CLANG_WARN_DIRECT_OBJC_ISA_USAGE = YES_ERROR;
				CLANG_WARN_DOCUMENTATION_COMMENTS = YES;
				CLANG_WARN_EMPTY_BODY = YES;
				CLANG_WARN_ENUM_CONVERSION = YES;
				CLANG_WARN_INFINITE_RECURSION = YES;
				CLANG_WARN_INT_CONVERSION = YES;
				CLANG_WARN_NON_LITERAL_NULL_CONVERSION = YES;
				CLANG_WARN_OBJC_IMPLICIT_RETAIN_SELF = YES;
				CLANG_WARN_OBJC_LITERAL_CONVERSION = YES;
				CLANG_WARN_OBJC_ROOT_CLASS = YES_ERROR;
				CLANG_WARN_QUOTED_INCLUDE_IN_FRAMEWORK_HEADER = YES;
				CLANG_WARN_RANGE_LOOP_ANALYSIS = YES;
				CLANG_WARN_STRICT_PROTOTYPES = YES;
				CLANG_WARN_SUSPICIOUS_MOVE = YES;
				CLANG_WARN_UNGUARDED_AVAILABILITY = YES_AGGRESSIVE;
				CLANG_WARN_UNREACHABLE_CODE = YES;
				CLANG_WARN__DUPLICATE_METHOD_MATCH = YES;
				COPY_PHASE_STRIP = NO;
				DEBUG_INFORMATION_FORMAT = dwarf;
				ENABLE_STRICT_OBJC_MSGSEND = YES;
				ENABLE_TESTABILITY = YES;
				GCC_C_LANGUAGE_STANDARD = gnu11;
				GCC_DYNAMIC_NO_PIC = NO;
				GCC_NO_COMMON_BLOCKS = YES;
				GCC_OPTIMIZATION_LEVEL = 0;
				GCC_PREPROCESSOR_DEFINITIONS = (
					"DEBUG=1",
					"$(inherited)",
				);
				GCC_WARN_64_TO_32_BIT_CONVERSION = YES;
				GCC_WARN_ABOUT_RETURN_TYPE = YES_ERROR;
				GCC_WARN_UNDECLARED_SELECTOR = YES;
				GCC_WARN_UNINITIALIZED_AUTOS = YES_AGGRESSIVE;
				GCC_WARN_UNUSED_FUNCTION = YES;
				GCC_WARN_UNUSED_VARIABLE = YES;
				MACOSX_DEPLOYMENT_TARGET = 11.0;
				MTL_ENABLE_DEBUG_INFO = INCLUDE_SOURCE;
				MTL_FAST_MATH = YES;
				ONLY_ACTIVE_ARCH = YES;
				SDKROOT = macosx;
				SWIFT_ACTIVE_COMPILATION_CONDITIONS = DEBUG;
				SWIFT_OPTIMIZATION_LEVEL = "-Onone";
			};
			name = Debug;
		};
		56AEA099255B4E7A009C997E /* Release */ = {
			isa = XCBuildConfiguration;
			buildSettings = {
				ALWAYS_SEARCH_USER_PATHS = NO;
				CLANG_ANALYZER_NONNULL = YES;
				CLANG_ANALYZER_NUMBER_OBJECT_CONVERSION = YES_AGGRESSIVE;
				CLANG_CXX_LANGUAGE_STANDARD = "gnu++14";
				CLANG_CXX_LIBRARY = "libc++";
				CLANG_ENABLE_MODULES = YES;
				CLANG_ENABLE_OBJC_ARC = YES;
				CLANG_ENABLE_OBJC_WEAK = YES;
				CLANG_WARN_BLOCK_CAPTURE_AUTORELEASING = YES;
				CLANG_WARN_BOOL_CONVERSION = YES;
				CLANG_WARN_COMMA = YES;
				CLANG_WARN_CONSTANT_CONVERSION = YES;
				CLANG_WARN_DEPRECATED_OBJC_IMPLEMENTATIONS = YES;
				CLANG_WARN_DIRECT_OBJC_ISA_USAGE = YES_ERROR;
				CLANG_WARN_DOCUMENTATION_COMMENTS = YES;
				CLANG_WARN_EMPTY_BODY = YES;
				CLANG_WARN_ENUM_CONVERSION = YES;
				CLANG_WARN_INFINITE_RECURSION = YES;
				CLANG_WARN_INT_CONVERSION = YES;
				CLANG_WARN_NON_LITERAL_NULL_CONVERSION = YES;
				CLANG_WARN_OBJC_IMPLICIT_RETAIN_SELF = YES;
				CLANG_WARN_OBJC_LITERAL_CONVERSION = YES;
				CLANG_WARN_OBJC_ROOT_CLASS = YES_ERROR;
				CLANG_WARN_QUOTED_INCLUDE_IN_FRAMEWORK_HEADER = YES;
				CLANG_WARN_RANGE_LOOP_ANALYSIS = YES;
				CLANG_WARN_STRICT_PROTOTYPES = YES;
				CLANG_WARN_SUSPICIOUS_MOVE = YES;
				CLANG_WARN_UNGUARDED_AVAILABILITY = YES_AGGRESSIVE;
				CLANG_WARN_UNREACHABLE_CODE = YES;
				CLANG_WARN__DUPLICATE_METHOD_MATCH = YES;
				COPY_PHASE_STRIP = NO;
				DEBUG_INFORMATION_FORMAT = "dwarf-with-dsym";
				ENABLE_NS_ASSERTIONS = NO;
				ENABLE_STRICT_OBJC_MSGSEND = YES;
				GCC_C_LANGUAGE_STANDARD = gnu11;
				GCC_NO_COMMON_BLOCKS = YES;
				GCC_WARN_64_TO_32_BIT_CONVERSION = YES;
				GCC_WARN_ABOUT_RETURN_TYPE = YES_ERROR;
				GCC_WARN_UNDECLARED_SELECTOR = YES;
				GCC_WARN_UNINITIALIZED_AUTOS = YES_AGGRESSIVE;
				GCC_WARN_UNUSED_FUNCTION = YES;
				GCC_WARN_UNUSED_VARIABLE = YES;
				MACOSX_DEPLOYMENT_TARGET = 11.0;
				MTL_ENABLE_DEBUG_INFO = NO;
				MTL_FAST_MATH = YES;
				SDKROOT = macosx;
				SWIFT_COMPILATION_MODE = wholemodule;
				SWIFT_OPTIMIZATION_LEVEL = "-O";
			};
			name = Release;
		};
		56AEA09B255B4E7A009C997E /* Debug */ = {
			isa = XCBuildConfiguration;
			buildSettings = {
				ASSETCATALOG_COMPILER_APPICON_NAME = AppIcon;
				ASSETCATALOG_COMPILER_GLOBAL_ACCENT_COLOR_NAME = AccentColor;
				CODE_SIGN_ENTITLEMENTS = SpaceFighter/SpaceFighter.entitlements;
				CODE_SIGN_STYLE = Automatic;
				COMBINE_HIDPI_IMAGES = YES;
				DEVELOPMENT_TEAM = 2445G329LF;
				ENABLE_HARDENED_RUNTIME = YES;
				INFOPLIST_FILE = SpaceFighter/Info.plist;
				LD_RUNPATH_SEARCH_PATHS = (
					"$(inherited)",
					"@executable_path/../Frameworks",
				);
				PRODUCT_BUNDLE_IDENTIFIER = com.jonalaniz.SpaceFighter;
				PRODUCT_NAME = "$(TARGET_NAME)";
				SWIFT_VERSION = 5.0;
			};
			name = Debug;
		};
		56AEA09C255B4E7A009C997E /* Release */ = {
			isa = XCBuildConfiguration;
			buildSettings = {
				ASSETCATALOG_COMPILER_APPICON_NAME = AppIcon;
				ASSETCATALOG_COMPILER_GLOBAL_ACCENT_COLOR_NAME = AccentColor;
				CODE_SIGN_ENTITLEMENTS = SpaceFighter/SpaceFighter.entitlements;
				CODE_SIGN_STYLE = Automatic;
				COMBINE_HIDPI_IMAGES = YES;
				DEVELOPMENT_TEAM = 2445G329LF;
				ENABLE_HARDENED_RUNTIME = YES;
				INFOPLIST_FILE = SpaceFighter/Info.plist;
				LD_RUNPATH_SEARCH_PATHS = (
					"$(inherited)",
					"@executable_path/../Frameworks",
				);
				PRODUCT_BUNDLE_IDENTIFIER = com.jonalaniz.SpaceFighter;
				PRODUCT_NAME = "$(TARGET_NAME)";
				SWIFT_VERSION = 5.0;
			};
			name = Release;
		};
/* End XCBuildConfiguration section */

/* Begin XCConfigurationList section */
		56AEA07F255B4E77009C997E /* Build configuration list for PBXProject "SpaceFighter" */ = {
			isa = XCConfigurationList;
			buildConfigurations = (
				56AEA098255B4E7A009C997E /* Debug */,
				56AEA099255B4E7A009C997E /* Release */,
			);
			defaultConfigurationIsVisible = 0;
			defaultConfigurationName = Release;
		};
		56AEA09A255B4E7A009C997E /* Build configuration list for PBXNativeTarget "SpaceFighter" */ = {
			isa = XCConfigurationList;
			buildConfigurations = (
				56AEA09B255B4E7A009C997E /* Debug */,
				56AEA09C255B4E7A009C997E /* Release */,
			);
			defaultConfigurationIsVisible = 0;
			defaultConfigurationName = Release;
		};
/* End XCConfigurationList section */
	};
	rootObject = 56AEA07C255B4E77009C997E /* Project object */;
}
